// !$*UTF8*$!
{
	archiveVersion = 1;
	classes = {
	};
	objectVersion = 56;
	objects = {

/* Begin PBXBuildFile section */
		307CBC452BC68F3D004B68A8 /* CompassDelegate.swift in Sources */ = {isa = PBXBuildFile; fileRef = 307CBC442BC68F3D004B68A8 /* CompassDelegate.swift */; };
		309E189F2BC54A7800CAE5AB /* VKInterview_compassApp.swift in Sources */ = {isa = PBXBuildFile; fileRef = 309E189E2BC54A7800CAE5AB /* VKInterview_compassApp.swift */; };
		309E18A12BC54A7800CAE5AB /* MainView.swift in Sources */ = {isa = PBXBuildFile; fileRef = 309E18A02BC54A7800CAE5AB /* MainView.swift */; };
		309E18A32BC54A7D00CAE5AB /* Assets.xcassets in Resources */ = {isa = PBXBuildFile; fileRef = 309E18A22BC54A7D00CAE5AB /* Assets.xcassets */; };
		309E18A62BC54A7D00CAE5AB /* Preview Assets.xcassets in Resources */ = {isa = PBXBuildFile; fileRef = 309E18A52BC54A7D00CAE5AB /* Preview Assets.xcassets */; };
		30EBCD1B2BC59F8B00AAAE5E /* MainVM.swift in Sources */ = {isa = PBXBuildFile; fileRef = 30EBCD1A2BC59F8B00AAAE5E /* MainVM.swift */; };
/* End PBXBuildFile section */

/* Begin PBXFileReference section */
		307CBC442BC68F3D004B68A8 /* CompassDelegate.swift */ = {isa = PBXFileReference; lastKnownFileType = sourcecode.swift; path = CompassDelegate.swift; sourceTree = "<group>"; };
		309E189B2BC54A7800CAE5AB /* VKInterview-compass.app */ = {isa = PBXFileReference; explicitFileType = wrapper.application; includeInIndex = 0; path = "VKInterview-compass.app"; sourceTree = BUILT_PRODUCTS_DIR; };
		309E189E2BC54A7800CAE5AB /* VKInterview_compassApp.swift */ = {isa = PBXFileReference; lastKnownFileType = sourcecode.swift; path = VKInterview_compassApp.swift; sourceTree = "<group>"; };
		309E18A02BC54A7800CAE5AB /* MainView.swift */ = {isa = PBXFileReference; lastKnownFileType = sourcecode.swift; path = MainView.swift; sourceTree = "<group>"; };
		309E18A22BC54A7D00CAE5AB /* Assets.xcassets */ = {isa = PBXFileReference; lastKnownFileType = folder.assetcatalog; path = Assets.xcassets; sourceTree = "<group>"; };
		309E18A52BC54A7D00CAE5AB /* Preview Assets.xcassets */ = {isa = PBXFileReference; lastKnownFileType = folder.assetcatalog; path = "Preview Assets.xcassets"; sourceTree = "<group>"; };
		30EBCD1A2BC59F8B00AAAE5E /* MainVM.swift */ = {isa = PBXFileReference; lastKnownFileType = sourcecode.swift; path = MainVM.swift; sourceTree = "<group>"; };
/* End PBXFileReference section */

/* Begin PBXFrameworksBuildPhase section */
		309E18982BC54A7800CAE5AB /* Frameworks */ = {
			isa = PBXFrameworksBuildPhase;
			buildActionMask = 2147483647;
			files = (
			);
			runOnlyForDeploymentPostprocessing = 0;
		};
/* End PBXFrameworksBuildPhase section */

/* Begin PBXGroup section */
		309E18922BC54A7800CAE5AB = {
			isa = PBXGroup;
			children = (
				309E189D2BC54A7800CAE5AB /* VKInterview-compass */,
				309E189C2BC54A7800CAE5AB /* Products */,
			);
			sourceTree = "<group>";
		};
		309E189C2BC54A7800CAE5AB /* Products */ = {
			isa = PBXGroup;
			children = (
				309E189B2BC54A7800CAE5AB /* VKInterview-compass.app */,
			);
			name = Products;
			sourceTree = "<group>";
		};
		309E189D2BC54A7800CAE5AB /* VKInterview-compass */ = {
			isa = PBXGroup;
			children = (
				309E18AF2BC54B7200CAE5AB /* Models */,
				309E18AE2BC54B6600CAE5AB /* ViewModels */,
				309E18AD2BC54B5D00CAE5AB /* Views */,
				309E189E2BC54A7800CAE5AB /* VKInterview_compassApp.swift */,
				309E18A22BC54A7D00CAE5AB /* Assets.xcassets */,
				309E18A42BC54A7D00CAE5AB /* Preview Content */,
			);
			path = "VKInterview-compass";
			sourceTree = "<group>";
		};
		309E18A42BC54A7D00CAE5AB /* Preview Content */ = {
			isa = PBXGroup;
			children = (
				309E18A52BC54A7D00CAE5AB /* Preview Assets.xcassets */,
			);
			path = "Preview Content";
			sourceTree = "<group>";
		};
		309E18AD2BC54B5D00CAE5AB /* Views */ = {
			isa = PBXGroup;
			children = (
				309E18A02BC54A7800CAE5AB /* MainView.swift */,
			);
			path = Views;
			sourceTree = "<group>";
		};
		309E18AE2BC54B6600CAE5AB /* ViewModels */ = {
			isa = PBXGroup;
			children = (
				30EBCD1A2BC59F8B00AAAE5E /* MainVM.swift */,
			);
			path = ViewModels;
			sourceTree = "<group>";
		};
		309E18AF2BC54B7200CAE5AB /* Models */ = {
			isa = PBXGroup;
			children = (
				307CBC442BC68F3D004B68A8 /* CompassDelegate.swift */,
			);
			path = Models;
			sourceTree = "<group>";
		};
/* End PBXGroup section */

/* Begin PBXNativeTarget section */
		309E189A2BC54A7800CAE5AB /* VKInterview-compass */ = {
			isa = PBXNativeTarget;
			buildConfigurationList = 309E18A92BC54A7D00CAE5AB /* Build configuration list for PBXNativeTarget "VKInterview-compass" */;
			buildPhases = (
				309E18972BC54A7800CAE5AB /* Sources */,
				309E18982BC54A7800CAE5AB /* Frameworks */,
				309E18992BC54A7800CAE5AB /* Resources */,
			);
			buildRules = (
			);
			dependencies = (
			);
			name = "VKInterview-compass";
			productName = "VKInterview-compass";
			productReference = 309E189B2BC54A7800CAE5AB /* VKInterview-compass.app */;
			productType = "com.apple.product-type.application";
		};
/* End PBXNativeTarget section */

/* Begin PBXProject section */
		309E18932BC54A7800CAE5AB /* Project object */ = {
			isa = PBXProject;
			attributes = {
				BuildIndependentTargetsInParallel = 1;
				LastSwiftUpdateCheck = 1530;
				LastUpgradeCheck = 1530;
				TargetAttributes = {
					309E189A2BC54A7800CAE5AB = {
						CreatedOnToolsVersion = 15.3;
					};
				};
			};
			buildConfigurationList = 309E18962BC54A7800CAE5AB /* Build configuration list for PBXProject "VKInterview-compass" */;
			compatibilityVersion = "Xcode 14.0";
			developmentRegion = en;
			hasScannedForEncodings = 0;
			knownRegions = (
				en,
				Base,
			);
			mainGroup = 309E18922BC54A7800CAE5AB;
			productRefGroup = 309E189C2BC54A7800CAE5AB /* Products */;
			projectDirPath = "";
			projectRoot = "";
			targets = (
				309E189A2BC54A7800CAE5AB /* VKInterview-compass */,
			);
		};
/* End PBXProject section */

/* Begin PBXResourcesBuildPhase section */
		309E18992BC54A7800CAE5AB /* Resources */ = {
			isa = PBXResourcesBuildPhase;
			buildActionMask = 2147483647;
			files = (
				309E18A62BC54A7D00CAE5AB /* Preview Assets.xcassets in Resources */,
				309E18A32BC54A7D00CAE5AB /* Assets.xcassets in Resources */,
			);
			runOnlyForDeploymentPostprocessing = 0;
		};
/* End PBXResourcesBuildPhase section */

/* Begin PBXSourcesBuildPhase section */
		309E18972BC54A7800CAE5AB /* Sources */ = {
			isa = PBXSourcesBuildPhase;
			buildActionMask = 2147483647;
			files = (
				307CBC452BC68F3D004B68A8 /* CompassDelegate.swift in Sources */,
				309E18A12BC54A7800CAE5AB /* MainView.swift in Sources */,
				30EBCD1B2BC59F8B00AAAE5E /* MainVM.swift in Sources */,
				309E189F2BC54A7800CAE5AB /* VKInterview_compassApp.swift in Sources */,
			);
			runOnlyForDeploymentPostprocessing = 0;
		};
/* End PBXSourcesBuildPhase section */

/* Begin XCBuildConfiguration section */
		309E18A72BC54A7D00CAE5AB /* Debug */ = {
			isa = XCBuildConfiguration;
			buildSettings = {
				ALWAYS_SEARCH_USER_PATHS = NO;
				ASSETCATALOG_COMPILER_GENERATE_SWIFT_ASSET_SYMBOL_EXTENSIONS = YES;
				CLANG_ANALYZER_NONNULL = YES;
				CLANG_ANALYZER_NUMBER_OBJECT_CONVERSION = YES_AGGRESSIVE;
				CLANG_CXX_LANGUAGE_STANDARD = "gnu++20";
				CLANG_ENABLE_MODULES = YES;
				CLANG_ENABLE_OBJC_ARC = YES;
				CLANG_ENABLE_OBJC_WEAK = YES;
				CLANG_WARN_BLOCK_CAPTURE_AUTORELEASING = YES;
				CLANG_WARN_BOOL_CONVERSION = YES;
				CLANG_WARN_COMMA = YES;
				CLANG_WARN_CONSTANT_CONVERSION = YES;
				CLANG_WARN_DEPRECATED_OBJC_IMPLEMENTATIONS = YES;
				CLANG_WARN_DIRECT_OBJC_ISA_USAGE = YES_ERROR;
				CLANG_WARN_DOCUMENTATION_COMMENTS = YES;
				CLANG_WARN_EMPTY_BODY = YES;
				CLANG_WARN_ENUM_CONVERSION = YES;
				CLANG_WARN_INFINITE_RECURSION = YES;
				CLANG_WARN_INT_CONVERSION = YES;
				CLANG_WARN_NON_LITERAL_NULL_CONVERSION = YES;
				CLANG_WARN_OBJC_IMPLICIT_RETAIN_SELF = YES;
				CLANG_WARN_OBJC_LITERAL_CONVERSION = YES;
				CLANG_WARN_OBJC_ROOT_CLASS = YES_ERROR;
				CLANG_WARN_QUOTED_INCLUDE_IN_FRAMEWORK_HEADER = YES;
				CLANG_WARN_RANGE_LOOP_ANALYSIS = YES;
				CLANG_WARN_STRICT_PROTOTYPES = YES;
				CLANG_WARN_SUSPICIOUS_MOVE = YES;
				CLANG_WARN_UNGUARDED_AVAILABILITY = YES_AGGRESSIVE;
				CLANG_WARN_UNREACHABLE_CODE = YES;
				CLANG_WARN__DUPLICATE_METHOD_MATCH = YES;
				COPY_PHASE_STRIP = NO;
				DEBUG_INFORMATION_FORMAT = dwarf;
				ENABLE_STRICT_OBJC_MSGSEND = YES;
				ENABLE_TESTABILITY = YES;
				ENABLE_USER_SCRIPT_SANDBOXING = YES;
				GCC_C_LANGUAGE_STANDARD = gnu17;
				GCC_DYNAMIC_NO_PIC = NO;
				GCC_NO_COMMON_BLOCKS = YES;
				GCC_OPTIMIZATION_LEVEL = 0;
				GCC_PREPROCESSOR_DEFINITIONS = (
					"DEBUG=1",
					"$(inherited)",
				);
				GCC_WARN_64_TO_32_BIT_CONVERSION = YES;
				GCC_WARN_ABOUT_RETURN_TYPE = YES_ERROR;
				GCC_WARN_UNDECLARED_SELECTOR = YES;
				GCC_WARN_UNINITIALIZED_AUTOS = YES_AGGRESSIVE;
				GCC_WARN_UNUSED_FUNCTION = YES;
				GCC_WARN_UNUSED_VARIABLE = YES;
				IPHONEOS_DEPLOYMENT_TARGET = 15.0;
				LOCALIZATION_PREFERS_STRING_CATALOGS = YES;
				MTL_ENABLE_DEBUG_INFO = INCLUDE_SOURCE;
				MTL_FAST_MATH = YES;
				ONLY_ACTIVE_ARCH = YES;
				SDKROOT = iphoneos;
				SWIFT_ACTIVE_COMPILATION_CONDITIONS = "DEBUG $(inherited)";
				SWIFT_OPTIMIZATION_LEVEL = "-Onone";
			};
			name = Debug;
		};
		309E18A82BC54A7D00CAE5AB /* Release */ = {
			isa = XCBuildConfiguration;
			buildSettings = {
				ALWAYS_SEARCH_USER_PATHS = NO;
				ASSETCATALOG_COMPILER_GENERATE_SWIFT_ASSET_SYMBOL_EXTENSIONS = YES;
				CLANG_ANALYZER_NONNULL = YES;
				CLANG_ANALYZER_NUMBER_OBJECT_CONVERSION = YES_AGGRESSIVE;
				CLANG_CXX_LANGUAGE_STANDARD = "gnu++20";
				CLANG_ENABLE_MODULES = YES;
				CLANG_ENABLE_OBJC_ARC = YES;
				CLANG_ENABLE_OBJC_WEAK = YES;
				CLANG_WARN_BLOCK_CAPTURE_AUTORELEASING = YES;
				CLANG_WARN_BOOL_CONVERSION = YES;
				CLANG_WARN_COMMA = YES;
				CLANG_WARN_CONSTANT_CONVERSION = YES;
				CLANG_WARN_DEPRECATED_OBJC_IMPLEMENTATIONS = YES;
				CLANG_WARN_DIRECT_OBJC_ISA_USAGE = YES_ERROR;
				CLANG_WARN_DOCUMENTATION_COMMENTS = YES;
				CLANG_WARN_EMPTY_BODY = YES;
				CLANG_WARN_ENUM_CONVERSION = YES;
				CLANG_WARN_INFINITE_RECURSION = YES;
				CLANG_WARN_INT_CONVERSION = YES;
				CLANG_WARN_NON_LITERAL_NULL_CONVERSION = YES;
				CLANG_WARN_OBJC_IMPLICIT_RETAIN_SELF = YES;
				CLANG_WARN_OBJC_LITERAL_CONVERSION = YES;
				CLANG_WARN_OBJC_ROOT_CLASS = YES_ERROR;
				CLANG_WARN_QUOTED_INCLUDE_IN_FRAMEWORK_HEADER = YES;
				CLANG_WARN_RANGE_LOOP_ANALYSIS = YES;
				CLANG_WARN_STRICT_PROTOTYPES = YES;
				CLANG_WARN_SUSPICIOUS_MOVE = YES;
				CLANG_WARN_UNGUARDED_AVAILABILITY = YES_AGGRESSIVE;
				CLANG_WARN_UNREACHABLE_CODE = YES;
				CLANG_WARN__DUPLICATE_METHOD_MATCH = YES;
				COPY_PHASE_STRIP = NO;
				DEBUG_INFORMATION_FORMAT = "dwarf-with-dsym";
				ENABLE_NS_ASSERTIONS = NO;
				ENABLE_STRICT_OBJC_MSGSEND = YES;
				ENABLE_USER_SCRIPT_SANDBOXING = YES;
				GCC_C_LANGUAGE_STANDARD = gnu17;
				GCC_NO_COMMON_BLOCKS = YES;
				GCC_WARN_64_TO_32_BIT_CONVERSION = YES;
				GCC_WARN_ABOUT_RETURN_TYPE = YES_ERROR;
				GCC_WARN_UNDECLARED_SELECTOR = YES;
				GCC_WARN_UNINITIALIZED_AUTOS = YES_AGGRESSIVE;
				GCC_WARN_UNUSED_FUNCTION = YES;
				GCC_WARN_UNUSED_VARIABLE = YES;
				IPHONEOS_DEPLOYMENT_TARGET = 15.0;
				LOCALIZATION_PREFERS_STRING_CATALOGS = YES;
				MTL_ENABLE_DEBUG_INFO = NO;
				MTL_FAST_MATH = YES;
				SDKROOT = iphoneos;
				SWIFT_COMPILATION_MODE = wholemodule;
				VALIDATE_PRODUCT = YES;
			};
			name = Release;
		};
		309E18AA2BC54A7D00CAE5AB /* Debug */ = {
			isa = XCBuildConfiguration;
			buildSettings = {
				ASSETCATALOG_COMPILER_APPICON_NAME = AppIcon;
				ASSETCATALOG_COMPILER_GLOBAL_ACCENT_COLOR_NAME = AccentColor;
				CODE_SIGN_STYLE = Automatic;
				CURRENT_PROJECT_VERSION = 1;
				DEVELOPMENT_ASSET_PATHS = "\"VKInterview-compass/Preview Content\"";
				DEVELOPMENT_TEAM = BX3ASU46J7;
				ENABLE_PREVIEWS = YES;
				GENERATE_INFOPLIST_FILE = YES;
				INFOPLIST_FILE = "VKInterview-compass/Info.plist";
				INFOPLIST_KEY_UIApplicationSceneManifest_Generation = YES;
				INFOPLIST_KEY_UIApplicationSupportsIndirectInputEvents = YES;
				INFOPLIST_KEY_UILaunchScreen_Generation = YES;
				INFOPLIST_KEY_UIStatusBarStyle = "";
				INFOPLIST_KEY_UISupportedInterfaceOrientations = UIInterfaceOrientationPortrait;
				INFOPLIST_KEY_UISupportedInterfaceOrientations_iPad = "UIInterfaceOrientationLandscapeLeft UIInterfaceOrientationLandscapeRight UIInterfaceOrientationPortrait UIInterfaceOrientationPortraitUpsideDown";
				IPHONEOS_DEPLOYMENT_TARGET = 15.0;
				LD_RUNPATH_SEARCH_PATHS = (
					"$(inherited)",
					"@executable_path/Frameworks",
				);
				MARKETING_VERSION = 1.0;
				PRODUCT_BUNDLE_IDENTIFIER = "rzheglov.VKInterview-compass";
				PRODUCT_NAME = "$(TARGET_NAME)";
				SUPPORTED_PLATFORMS = "iphoneos iphonesimulator";
				SUPPORTS_MACCATALYST = NO;
				SUPPORTS_MAC_DESIGNED_FOR_IPHONE_IPAD = NO;
				SUPPORTS_XR_DESIGNED_FOR_IPHONE_IPAD = NO;
				SWIFT_EMIT_LOC_STRINGS = YES;
				SWIFT_VERSION = 5.0;
				TARGETED_DEVICE_FAMILY = 1;
			};
			name = Debug;
		};
		309E18AB2BC54A7D00CAE5AB /* Release */ = {
			isa = XCBuildConfiguration;
			buildSettings = {
				ASSETCATALOG_COMPILER_APPICON_NAME = AppIcon;
				ASSETCATALOG_COMPILER_GLOBAL_ACCENT_COLOR_NAME = AccentColor;
				CODE_SIGN_STYLE = Automatic;
				CURRENT_PROJECT_VERSION = 1;
				DEVELOPMENT_ASSET_PATHS = "\"VKInterview-compass/Preview Content\"";
				DEVELOPMENT_TEAM = BX3ASU46J7;
				ENABLE_PREVIEWS = YES;
				GENERATE_INFOPLIST_FILE = YES;
				INFOPLIST_FILE = "VKInterview-compass/Info.plist";
				INFOPLIST_KEY_UIApplicationSceneManifest_Generation = YES;
				INFOPLIST_KEY_UIApplicationSupportsIndirectInputEvents = YES;
				INFOPLIST_KEY_UILaunchScreen_Generation = YES;
				INFOPLIST_KEY_UIStatusBarStyle = "";
				INFOPLIST_KEY_UISupportedInterfaceOrientations = UIInterfaceOrientationPortrait;
				INFOPLIST_KEY_UISupportedInterfaceOrientations_iPad = "UIInterfaceOrientationLandscapeLeft UIInterfaceOrientationLandscapeRight UIInterfaceOrientationPortrait UIInterfaceOrientationPortraitUpsideDown";
				IPHONEOS_DEPLOYMENT_TARGET = 15.0;
				LD_RUNPATH_SEARCH_PATHS = (
					"$(inherited)",
					"@executable_path/Frameworks",
				);
				MARKETING_VERSION = 1.0;
				PRODUCT_BUNDLE_IDENTIFIER = "rzheglov.VKInterview-compass";
				PRODUCT_NAME = "$(TARGET_NAME)";
				SUPPORTED_PLATFORMS = "iphoneos iphonesimulator";
				SUPPORTS_MACCATALYST = NO;
				SUPPORTS_MAC_DESIGNED_FOR_IPHONE_IPAD = NO;
				SUPPORTS_XR_DESIGNED_FOR_IPHONE_IPAD = NO;
				SWIFT_EMIT_LOC_STRINGS = YES;
				SWIFT_VERSION = 5.0;
				TARGETED_DEVICE_FAMILY = 1;
			};
			name = Release;
		};
/* End XCBuildConfiguration section */

/* Begin XCConfigurationList section */
		309E18962BC54A7800CAE5AB /* Build configuration list for PBXProject "VKInterview-compass" */ = {
			isa = XCConfigurationList;
			buildConfigurations = (
				309E18A72BC54A7D00CAE5AB /* Debug */,
				309E18A82BC54A7D00CAE5AB /* Release */,
			);
			defaultConfigurationIsVisible = 0;
			defaultConfigurationName = Release;
		};
		309E18A92BC54A7D00CAE5AB /* Build configuration list for PBXNativeTarget "VKInterview-compass" */ = {
			isa = XCConfigurationList;
			buildConfigurations = (
				309E18AA2BC54A7D00CAE5AB /* Debug */,
				309E18AB2BC54A7D00CAE5AB /* Release */,
			);
			defaultConfigurationIsVisible = 0;
			defaultConfigurationName = Release;
		};
/* End XCConfigurationList section */
	};
	rootObject = 309E18932BC54A7800CAE5AB /* Project object */;
}
